{
    "name": "sgtm-tracking-proxy",
    "version": "2.0.0",
    "lockfileVersion": 3,
    "requires": true,
    "packages": {
        "": {
            "name": "sgtm-tracking-proxy",
            "version": "2.0.0",
            "dependencies": {
                "@clickhouse/client": "^1.1.0",
                "cookie-parser": "^1.4.7",
                "kafkajs": "^2.2.4",
                "uuid": "^9.0.1",
                "xml2js": "^0.6.2"
            },
            "engines": {
                "node": ">=18.0.0"
            }
        },
        "node_modules/@clickhouse/client": {
            "version": "1.18.2",
            "resolved": "https://registry.npmjs.org/@clickhouse/client/-/client-1.18.2.tgz",
            "integrity": "sha512-fuquQswRSHWM6D079ZeuGqkMOsqtcUPL06UdTnowmoeeYjVrqisfVmvnw8pc3OeKS4kVb91oygb/MfLDiMs0TQ==",
            "license": "Apache-2.0",
            "dependencies": {
                "@clickhouse/client-common": "1.18.2"
            },
            "engines": {
                "node": ">=16"
            }
        },
        "node_modules/@clickhouse/client-common": {
            "version": "1.18.2",
            "resolved": "https://registry.npmjs.org/@clickhouse/client-common/-/client-common-1.18.2.tgz",
            "integrity": "sha512-J0SG6q9V31ydxonglpj9xhNRsUxCsF71iEZ784yldqMYwsHixj/9xHFDgBDX3DuMiDx/kPDfXnf+pimp08wIBA==",
            "license": "Apache-2.0"
        },
        "node_modules/cookie": {
            "version": "0.7.2",
            "resolved": "https://registry.npmjs.org/cookie/-/cookie-0.7.2.tgz",
            "integrity": "sha512-yki5XnKuf750l50uGTllt6kKILY4nQ1eNIQatoXEByZ5dWgnKqbnqmTrBE5B4N7lrMJKQ2ytWMiTO2o0v6Ew/w==",
            "license": "MIT",
            "engines": {
                "node": ">= 0.6"
            }
        },
        "node_modules/cookie-parser": {
            "version": "1.4.7",
            "resolved": "https://registry.npmjs.org/cookie-parser/-/cookie-parser-1.4.7.tgz",
            "integrity": "sha512-nGUvgXnotP3BsjiLX2ypbQnWoGUPIIfHQNZkkC668ntrzGWEZVW70HDEB1qnNGMicPje6EttlIgzo51YSwNQGw==",
            "license": "MIT",
            "dependencies": {
                "cookie": "0.7.2",
                "cookie-signature": "1.0.6"
            },
            "engines": {
                "node": ">= 0.8.0"
            }
        },
        "node_modules/cookie-signature": {
            "version": "1.0.6",
            "resolved": "https://registry.npmjs.org/cookie-signature/-/cookie-signature-1.0.6.tgz",
            "integrity": "sha512-QADzlaHc8icV8I7vbaJXJwod9HWYp8uCqf1xa4OfNu1T7JVxQIrUgOWtHdNDtPiywmFbiS12VjotIXLrKM3orQ==",
            "license": "MIT"
        },
        "node_modules/kafkajs": {
            "version": "2.2.4",
            "resolved": "https://registry.npmjs.org/kafkajs/-/kafkajs-2.2.4.tgz",
            "integrity": "sha512-j/YeapB1vfPT2iOIUn/vxdyKEuhuY2PxMBvf5JWux6iSaukAccrMtXEY/Lb7OvavDhOWME589bpLrEdnVHjfjA==",
            "license": "MIT",
            "engines": {
                "node": ">=14.0.0"
            }
        },
        "node_modules/sax": {
            "version": "1.6.0",
            "resolved": "https://registry.npmjs.org/sax/-/sax-1.6.0.tgz",
            "integrity": "sha512-6R3J5M4AcbtLUdZmRv2SygeVaM7IhrLXu9BmnOGmmACak8fiUtOsYNWUS4uK7upbmHIBbLBeFeI//477BKLBzA==",
            "license": "BlueOak-1.0.0",
            "engines": {
                "node": ">=11.0.0"
            }
        },
        "node_modules/uuid": {
            "version": "9.0.1",
            "resolved": "https://registry.npmjs.org/uuid/-/uuid-9.0.1.tgz",
            "integrity": "sha512-b+1eJOlsR9K8HJpow9Ok3fiWOWSIcIzXodvv0rQjVoOVNpWMpxf1wZNpt4y9h10odCNrqnYp1OBzRktckBe3sA==",
            "funding": [
                "https://github.com/sponsors/broofa",
                "https://github.com/sponsors/ctavan"
            ],
            "license": "MIT",
            "bin": {
                "uuid": "dist/bin/uuid"
            }
        },
        "node_modules/xml2js": {
            "version": "0.6.2",
            "resolved": "https://registry.npmjs.org/xml2js/-/xml2js-0.6.2.tgz",
            "integrity": "sha512-T4rieHaC1EXcES0Kxxj4JWgaUQHDk+qwHcYOCFHfiwKz7tOVPLq7Hjq9dM1WCMhylqMEfP7hMcOIChvotiZegA==",
            "license": "MIT",
            "dependencies": {
                "sax": ">=0.6.0",
                "xmlbuilder": "~11.0.0"
            },
            "engines": {
                "node": ">=4.0.0"
            }
        },
        "node_modules/xmlbuilder": {
            "version": "11.0.1",
            "resolved": "https://registry.npmjs.org/xmlbuilder/-/xmlbuilder-11.0.1.tgz",
            "integrity": "sha512-fDlsI/kFEx7gLvbecc0/ohLG50fugQp8ryHzMTuW9vSa1GJ0XYWKnhsUx7oie3G98+r56aTQIUB4kht42R3JvA==",
            "license": "MIT",
            "engines": {
                "node": ">=4.0"
            }
        }
    }
}
